// !$*UTF8*$!
{
	archiveVersion = 1;
	classes = {
	};
	objectVersion = 55;
	objects = {

/* Begin PBXBuildFile section */
		794C52F52829C63600BC4197 /* landmarkData.json in Resources */ = {isa = PBXBuildFile; fileRef = 794C52F42829C63600BC4197 /* landmarkData.json */; };
		794C52F72829C64F00BC4197 /* Landmark.swift in Sources */ = {isa = PBXBuildFile; fileRef = 794C52F62829C64F00BC4197 /* Landmark.swift */; };
		794C52F92829DBA500BC4197 /* ModelData.swift in Sources */ = {isa = PBXBuildFile; fileRef = 794C52F82829DBA500BC4197 /* ModelData.swift */; };
		794C52FF2829DF4E00BC4197 /* LandmarkRow.swift in Sources */ = {isa = PBXBuildFile; fileRef = 794C52FE2829DF4E00BC4197 /* LandmarkRow.swift */; };
		796B12C02827F8CE00D012B5 /* LandmarksApp.swift in Sources */ = {isa = PBXBuildFile; fileRef = 796B12BF2827F8CE00D012B5 /* LandmarksApp.swift */; };
		796B12C22827F8CE00D012B5 /* ContentView.swift in Sources */ = {isa = PBXBuildFile; fileRef = 796B12C12827F8CE00D012B5 /* ContentView.swift */; };
		796B12C42827F8CF00D012B5 /* Assets.xcassets in Resources */ = {isa = PBXBuildFile; fileRef = 796B12C32827F8CF00D012B5 /* Assets.xcassets */; };
		796B12C72827F8CF00D012B5 /* Preview Assets.xcassets in Resources */ = {isa = PBXBuildFile; fileRef = 796B12C62827F8CF00D012B5 /* Preview Assets.xcassets */; };
		796B12D12827F8CF00D012B5 /* LandmarksTests.swift in Sources */ = {isa = PBXBuildFile; fileRef = 796B12D02827F8CF00D012B5 /* LandmarksTests.swift */; };
		796B12DB2827F8CF00D012B5 /* LandmarksUITests.swift in Sources */ = {isa = PBXBuildFile; fileRef = 796B12DA2827F8CF00D012B5 /* LandmarksUITests.swift */; };
		796B12DD2827F8CF00D012B5 /* LandmarksUITestsLaunchTests.swift in Sources */ = {isa = PBXBuildFile; fileRef = 796B12DC2827F8CF00D012B5 /* LandmarksUITestsLaunchTests.swift */; };
		796B12EA2827FE7E00D012B5 /* CircleImage.swift in Sources */ = {isa = PBXBuildFile; fileRef = 796B12E92827FE7E00D012B5 /* CircleImage.swift */; };
		796B12EC2828000A00D012B5 /* MapView.swift in Sources */ = {isa = PBXBuildFile; fileRef = 796B12EB2828000A00D012B5 /* MapView.swift */; };
/* End PBXBuildFile section */

/* Begin PBXContainerItemProxy section */
		796B12CD2827F8CF00D012B5 /* PBXContainerItemProxy */ = {
			isa = PBXContainerItemProxy;
			containerPortal = 796B12B42827F8CE00D012B5 /* Project object */;
			proxyType = 1;
			remoteGlobalIDString = 796B12BB2827F8CE00D012B5;
			remoteInfo = Landmarks;
		};
		796B12D72827F8CF00D012B5 /* PBXContainerItemProxy */ = {
			isa = PBXContainerItemProxy;
			containerPortal = 796B12B42827F8CE00D012B5 /* Project object */;
			proxyType = 1;
			remoteGlobalIDString = 796B12BB2827F8CE00D012B5;
			remoteInfo = Landmarks;
		};
/* End PBXContainerItemProxy section */

/* Begin PBXFileReference section */
		794C52F42829C63600BC4197 /* landmarkData.json */ = {isa = PBXFileReference; fileEncoding = 4; lastKnownFileType = text.json; path = landmarkData.json; sourceTree = "<group>"; };
		794C52F62829C64F00BC4197 /* Landmark.swift */ = {isa = PBXFileReference; lastKnownFileType = sourcecode.swift; path = Landmark.swift; sourceTree = "<group>"; };
		794C52F82829DBA500BC4197 /* ModelData.swift */ = {isa = PBXFileReference; lastKnownFileType = sourcecode.swift; path = ModelData.swift; sourceTree = "<group>"; };
		794C52FE2829DF4E00BC4197 /* LandmarkRow.swift */ = {isa = PBXFileReference; lastKnownFileType = sourcecode.swift; path = LandmarkRow.swift; sourceTree = "<group>"; };
		796B12BC2827F8CE00D012B5 /* Landmarks.app */ = {isa = PBXFileReference; explicitFileType = wrapper.application; includeInIndex = 0; path = Landmarks.app; sourceTree = BUILT_PRODUCTS_DIR; };
		796B12BF2827F8CE00D012B5 /* LandmarksApp.swift */ = {isa = PBXFileReference; lastKnownFileType = sourcecode.swift; path = LandmarksApp.swift; sourceTree = "<group>"; };
		796B12C12827F8CE00D012B5 /* ContentView.swift */ = {isa = PBXFileReference; lastKnownFileType = sourcecode.swift; path = ContentView.swift; sourceTree = "<group>"; };
		796B12C32827F8CF00D012B5 /* Assets.xcassets */ = {isa = PBXFileReference; lastKnownFileType = folder.assetcatalog; path = Assets.xcassets; sourceTree = "<group>"; };
		796B12C62827F8CF00D012B5 /* Preview Assets.xcassets */ = {isa = PBXFileReference; lastKnownFileType = folder.assetcatalog; path = "Preview Assets.xcassets"; sourceTree = "<group>"; };
		796B12CC2827F8CF00D012B5 /* LandmarksTests.xctest */ = {isa = PBXFileReference; explicitFileType = wrapper.cfbundle; includeInIndex = 0; path = LandmarksTests.xctest; sourceTree = BUILT_PRODUCTS_DIR; };
		796B12D02827F8CF00D012B5 /* LandmarksTests.swift */ = {isa = PBXFileReference; lastKnownFileType = sourcecode.swift; path = LandmarksTests.swift; sourceTree = "<group>"; };
		796B12D62827F8CF00D012B5 /* LandmarksUITests.xctest */ = {isa = PBXFileReference; explicitFileType = wrapper.cfbundle; includeInIndex = 0; path = LandmarksUITests.xctest; sourceTree = BUILT_PRODUCTS_DIR; };
		796B12DA2827F8CF00D012B5 /* LandmarksUITests.swift */ = {isa = PBXFileReference; lastKnownFileType = sourcecode.swift; path = LandmarksUITests.swift; sourceTree = "<group>"; };
		796B12DC2827F8CF00D012B5 /* LandmarksUITestsLaunchTests.swift */ = {isa = PBXFileReference; lastKnownFileType = sourcecode.swift; path = LandmarksUITestsLaunchTests.swift; sourceTree = "<group>"; };
		796B12E92827FE7E00D012B5 /* CircleImage.swift */ = {isa = PBXFileReference; lastKnownFileType = sourcecode.swift; path = CircleImage.swift; sourceTree = "<group>"; };
		796B12EB2828000A00D012B5 /* MapView.swift */ = {isa = PBXFileReference; lastKnownFileType = sourcecode.swift; path = MapView.swift; sourceTree = "<group>"; };
/* End PBXFileReference section */

/* Begin PBXFrameworksBuildPhase section */
		796B12B92827F8CE00D012B5 /* Frameworks */ = {
			isa = PBXFrameworksBuildPhase;
			buildActionMask = 2147483647;
			files = (
			);
			runOnlyForDeploymentPostprocessing = 0;
		};
		796B12C92827F8CF00D012B5 /* Frameworks */ = {
			isa = PBXFrameworksBuildPhase;
			buildActionMask = 2147483647;
			files = (
			);
			runOnlyForDeploymentPostprocessing = 0;
		};
		796B12D32827F8CF00D012B5 /* Frameworks */ = {
			isa = PBXFrameworksBuildPhase;
			buildActionMask = 2147483647;
			files = (
			);
			runOnlyForDeploymentPostprocessing = 0;
		};
/* End PBXFrameworksBuildPhase section */

/* Begin PBXGroup section */
		794C52FB2829DDB500BC4197 /* Views */ = {
			isa = PBXGroup;
			children = (
				796B12C12827F8CE00D012B5 /* ContentView.swift */,
				796B12E92827FE7E00D012B5 /* CircleImage.swift */,
				796B12EB2828000A00D012B5 /* MapView.swift */,
				794C52FE2829DF4E00BC4197 /* LandmarkRow.swift */,
			);
			path = Views;
			sourceTree = "<group>";
		};
		794C52FC2829DDDA00BC4197 /* Model */ = {
			isa = PBXGroup;
			children = (
				794C52F62829C64F00BC4197 /* Landmark.swift */,
				794C52F82829DBA500BC4197 /* ModelData.swift */,
			);
			path = Model;
			sourceTree = "<group>";
		};
		794C52FD2829DE0400BC4197 /* Resources */ = {
			isa = PBXGroup;
			children = (
				794C52F42829C63600BC4197 /* landmarkData.json */,
			);
			path = Resources;
			sourceTree = "<group>";
		};
		796B12B32827F8CE00D012B5 = {
			isa = PBXGroup;
			children = (
				796B12BE2827F8CE00D012B5 /* Landmarks */,
				796B12CF2827F8CF00D012B5 /* LandmarksTests */,
				796B12D92827F8CF00D012B5 /* LandmarksUITests */,
				796B12BD2827F8CE00D012B5 /* Products */,
			);
			sourceTree = "<group>";
		};
		796B12BD2827F8CE00D012B5 /* Products */ = {
			isa = PBXGroup;
			children = (
				796B12BC2827F8CE00D012B5 /* Landmarks.app */,
				796B12CC2827F8CF00D012B5 /* LandmarksTests.xctest */,
				796B12D62827F8CF00D012B5 /* LandmarksUITests.xctest */,
			);
			name = Products;
			sourceTree = "<group>";
		};
		796B12BE2827F8CE00D012B5 /* Landmarks */ = {
			isa = PBXGroup;
			children = (
				796B12BF2827F8CE00D012B5 /* LandmarksApp.swift */,
				794C52FD2829DE0400BC4197 /* Resources */,
				794C52FC2829DDDA00BC4197 /* Model */,
				794C52FB2829DDB500BC4197 /* Views */,
				796B12C32827F8CF00D012B5 /* Assets.xcassets */,
				796B12C52827F8CF00D012B5 /* Preview Content */,
			);
			path = Landmarks;
			sourceTree = "<group>";
		};
		796B12C52827F8CF00D012B5 /* Preview Content */ = {
			isa = PBXGroup;
			children = (
				796B12C62827F8CF00D012B5 /* Preview Assets.xcassets */,
			);
			path = "Preview Content";
			sourceTree = "<group>";
		};
		796B12CF2827F8CF00D012B5 /* LandmarksTests */ = {
			isa = PBXGroup;
			children = (
				796B12D02827F8CF00D012B5 /* LandmarksTests.swift */,
			);
			path = LandmarksTests;
			sourceTree = "<group>";
		};
		796B12D92827F8CF00D012B5 /* LandmarksUITests */ = {
			isa = PBXGroup;
			children = (
				796B12DA2827F8CF00D012B5 /* LandmarksUITests.swift */,
				796B12DC2827F8CF00D012B5 /* LandmarksUITestsLaunchTests.swift */,
			);
			path = LandmarksUITests;
			sourceTree = "<group>";
		};
/* End PBXGroup section */

/* Begin PBXNativeTarget section */
		796B12BB2827F8CE00D012B5 /* Landmarks */ = {
			isa = PBXNativeTarget;
			buildConfigurationList = 796B12E02827F8CF00D012B5 /* Build configuration list for PBXNativeTarget "Landmarks" */;
			buildPhases = (
				796B12B82827F8CE00D012B5 /* Sources */,
				796B12B92827F8CE00D012B5 /* Frameworks */,
				796B12BA2827F8CE00D012B5 /* Resources */,
			);
			buildRules = (
			);
			dependencies = (
			);
			name = Landmarks;
			productName = Landmarks;
			productReference = 796B12BC2827F8CE00D012B5 /* Landmarks.app */;
			productType = "com.apple.product-type.application";
		};
		796B12CB2827F8CF00D012B5 /* LandmarksTests */ = {
			isa = PBXNativeTarget;
			buildConfigurationList = 796B12E32827F8CF00D012B5 /* Build configuration list for PBXNativeTarget "LandmarksTests" */;
			buildPhases = (
				796B12C82827F8CF00D012B5 /* Sources */,
				796B12C92827F8CF00D012B5 /* Frameworks */,
				796B12CA2827F8CF00D012B5 /* Resources */,
			);
			buildRules = (
			);
			dependencies = (
				796B12CE2827F8CF00D012B5 /* PBXTargetDependency */,
			);
			name = LandmarksTests;
			productName = LandmarksTests;
			productReference = 796B12CC2827F8CF00D012B5 /* LandmarksTests.xctest */;
			productType = "com.apple.product-type.bundle.unit-test";
		};
		796B12D52827F8CF00D012B5 /* LandmarksUITests */ = {
			isa = PBXNativeTarget;
			buildConfigurationList = 796B12E62827F8CF00D012B5 /* Build configuration list for PBXNativeTarget "LandmarksUITests" */;
			buildPhases = (
				796B12D22827F8CF00D012B5 /* Sources */,
				796B12D32827F8CF00D012B5 /* Frameworks */,
				796B12D42827F8CF00D012B5 /* Resources */,
			);
			buildRules = (
			);
			dependencies = (
				796B12D82827F8CF00D012B5 /* PBXTargetDependency */,
			);
			name = LandmarksUITests;
			productName = LandmarksUITests;
			productReference = 796B12D62827F8CF00D012B5 /* LandmarksUITests.xctest */;
			productType = "com.apple.product-type.bundle.ui-testing";
		};
/* End PBXNativeTarget section */

/* Begin PBXProject section */
		796B12B42827F8CE00D012B5 /* Project object */ = {
			isa = PBXProject;
			attributes = {
				BuildIndependentTargetsInParallel = 1;
				LastSwiftUpdateCheck = 1330;
				LastUpgradeCheck = 1330;
				TargetAttributes = {
					796B12BB2827F8CE00D012B5 = {
						CreatedOnToolsVersion = 13.3.1;
					};
					796B12CB2827F8CF00D012B5 = {
						CreatedOnToolsVersion = 13.3.1;
						TestTargetID = 796B12BB2827F8CE00D012B5;
					};
					796B12D52827F8CF00D012B5 = {
						CreatedOnToolsVersion = 13.3.1;
						TestTargetID = 796B12BB2827F8CE00D012B5;
					};
				};
			};
			buildConfigurationList = 796B12B72827F8CE00D012B5 /* Build configuration list for PBXProject "Landmarks" */;
			compatibilityVersion = "Xcode 13.0";
			developmentRegion = en;
			hasScannedForEncodings = 0;
			knownRegions = (
				en,
				Base,
			);
			mainGroup = 796B12B32827F8CE00D012B5;
			productRefGroup = 796B12BD2827F8CE00D012B5 /* Products */;
			projectDirPath = "";
			projectRoot = "";
			targets = (
				796B12BB2827F8CE00D012B5 /* Landmarks */,
				796B12CB2827F8CF00D012B5 /* LandmarksTests */,
				796B12D52827F8CF00D012B5 /* LandmarksUITests */,
			);
		};
/* End PBXProject section */

/* Begin PBXResourcesBuildPhase section */
		796B12BA2827F8CE00D012B5 /* Resources */ = {
			isa = PBXResourcesBuildPhase;
			buildActionMask = 2147483647;
			files = (
				796B12C72827F8CF00D012B5 /* Preview Assets.xcassets in Resources */,
				796B12C42827F8CF00D012B5 /* Assets.xcassets in Resources */,
				794C52F52829C63600BC4197 /* landmarkData.json in Resources */,
			);
			runOnlyForDeploymentPostprocessing = 0;
		};
		796B12CA2827F8CF00D012B5 /* Resources */ = {
			isa = PBXResourcesBuildPhase;
			buildActionMask = 2147483647;
			files = (
			);
			runOnlyForDeploymentPostprocessing = 0;
		};
		796B12D42827F8CF00D012B5 /* Resources */ = {
			isa = PBXResourcesBuildPhase;
			buildActionMask = 2147483647;
			files = (
			);
			runOnlyForDeploymentPostprocessing = 0;
		};
/* End PBXResourcesBuildPhase section */

/* Begin PBXSourcesBuildPhase section */
		796B12B82827F8CE00D012B5 /* Sources */ = {
			isa = PBXSourcesBuildPhase;
			buildActionMask = 2147483647;
			files = (
				796B12C22827F8CE00D012B5 /* ContentView.swift in Sources */,
				796B12EC2828000A00D012B5 /* MapView.swift in Sources */,
				796B12C02827F8CE00D012B5 /* LandmarksApp.swift in Sources */,
				796B12EA2827FE7E00D012B5 /* CircleImage.swift in Sources */,
				794C52F72829C64F00BC4197 /* Landmark.swift in Sources */,
				794C52FF2829DF4E00BC4197 /* LandmarkRow.swift in Sources */,
				794C52F92829DBA500BC4197 /* ModelData.swift in Sources */,
			);
			runOnlyForDeploymentPostprocessing = 0;
		};
		796B12C82827F8CF00D012B5 /* Sources */ = {
			isa = PBXSourcesBuildPhase;
			buildActionMask = 2147483647;
			files = (
				796B12D12827F8CF00D012B5 /* LandmarksTests.swift in Sources */,
			);
			runOnlyForDeploymentPostprocessing = 0;
		};
		796B12D22827F8CF00D012B5 /* Sources */ = {
			isa = PBXSourcesBuildPhase;
			buildActionMask = 2147483647;
			files = (
				796B12DD2827F8CF00D012B5 /* LandmarksUITestsLaunchTests.swift in Sources */,
				796B12DB2827F8CF00D012B5 /* LandmarksUITests.swift in Sources */,
			);
			runOnlyForDeploymentPostprocessing = 0;
		};
/* End PBXSourcesBuildPhase section */

/* Begin PBXTargetDependency section */
		796B12CE2827F8CF00D012B5 /* PBXTargetDependency */ = {
			isa = PBXTargetDependency;
			target = 796B12BB2827F8CE00D012B5 /* Landmarks */;
			targetProxy = 796B12CD2827F8CF00D012B5 /* PBXContainerItemProxy */;
		};
		796B12D82827F8CF00D012B5 /* PBXTargetDependency */ = {
			isa = PBXTargetDependency;
			target = 796B12BB2827F8CE00D012B5 /* Landmarks */;
			targetProxy = 796B12D72827F8CF00D012B5 /* PBXContainerItemProxy */;
		};
/* End PBXTargetDependency section */

/* Begin XCBuildConfiguration section */
		796B12DE2827F8CF00D012B5 /* Debug */ = {
			isa = XCBuildConfiguration;
			buildSettings = {
				ALWAYS_SEARCH_USER_PATHS = NO;
				CLANG_ANALYZER_NONNULL = YES;
				CLANG_ANALYZER_NUMBER_OBJECT_CONVERSION = YES_AGGRESSIVE;
				CLANG_CXX_LANGUAGE_STANDARD = "gnu++17";
				CLANG_ENABLE_MODULES = YES;
				CLANG_ENABLE_OBJC_ARC = YES;
				CLANG_ENABLE_OBJC_WEAK = YES;
				CLANG_WARN_BLOCK_CAPTURE_AUTORELEASING = YES;
				CLANG_WARN_BOOL_CONVERSION = YES;
				CLANG_WARN_COMMA = YES;
				CLANG_WARN_CONSTANT_CONVERSION = YES;
				CLANG_WARN_DEPRECATED_OBJC_IMPLEMENTATIONS = YES;
				CLANG_WARN_DIRECT_OBJC_ISA_USAGE = YES_ERROR;
				CLANG_WARN_DOCUMENTATION_COMMENTS = YES;
				CLANG_WARN_EMPTY_BODY = YES;
				CLANG_WARN_ENUM_CONVERSION = YES;
				CLANG_WARN_INFINITE_RECURSION = YES;
				CLANG_WARN_INT_CONVERSION = YES;
				CLANG_WARN_NON_LITERAL_NULL_CONVERSION = YES;
				CLANG_WARN_OBJC_IMPLICIT_RETAIN_SELF = YES;
				CLANG_WARN_OBJC_LITERAL_CONVERSION = YES;
				CLANG_WARN_OBJC_ROOT_CLASS = YES_ERROR;
				CLANG_WARN_QUOTED_INCLUDE_IN_FRAMEWORK_HEADER = YES;
				CLANG_WARN_RANGE_LOOP_ANALYSIS = YES;
				CLANG_WARN_STRICT_PROTOTYPES = YES;
				CLANG_WARN_SUSPICIOUS_MOVE = YES;
				CLANG_WARN_UNGUARDED_AVAILABILITY = YES_AGGRESSIVE;
				CLANG_WARN_UNREACHABLE_CODE = YES;
				CLANG_WARN__DUPLICATE_METHOD_MATCH = YES;
				COPY_PHASE_STRIP = NO;
				DEBUG_INFORMATION_FORMAT = dwarf;
				ENABLE_STRICT_OBJC_MSGSEND = YES;
				ENABLE_TESTABILITY = YES;
				GCC_C_LANGUAGE_STANDARD = gnu11;
				GCC_DYNAMIC_NO_PIC = NO;
				GCC_NO_COMMON_BLOCKS = YES;
				GCC_OPTIMIZATION_LEVEL = 0;
				GCC_PREPROCESSOR_DEFINITIONS = (
					"DEBUG=1",
					"$(inherited)",
				);
				GCC_WARN_64_TO_32_BIT_CONVERSION = YES;
				GCC_WARN_ABOUT_RETURN_TYPE = YES_ERROR;
				GCC_WARN_UNDECLARED_SELECTOR = YES;
				GCC_WARN_UNINITIALIZED_AUTOS = YES_AGGRESSIVE;
				GCC_WARN_UNUSED_FUNCTION = YES;
				GCC_WARN_UNUSED_VARIABLE = YES;
				IPHONEOS_DEPLOYMENT_TARGET = 15.4;
				MTL_ENABLE_DEBUG_INFO = INCLUDE_SOURCE;
				MTL_FAST_MATH = YES;
				ONLY_ACTIVE_ARCH = YES;
				SDKROOT = iphoneos;
				SWIFT_ACTIVE_COMPILATION_CONDITIONS = DEBUG;
				SWIFT_OPTIMIZATION_LEVEL = "-Onone";
			};
			name = Debug;
		};
		796B12DF2827F8CF00D012B5 /* Release */ = {
			isa = XCBuildConfiguration;
			buildSettings = {
				ALWAYS_SEARCH_USER_PATHS = NO;
				CLANG_ANALYZER_NONNULL = YES;
				CLANG_ANALYZER_NUMBER_OBJECT_CONVERSION = YES_AGGRESSIVE;
				CLANG_CXX_LANGUAGE_STANDARD = "gnu++17";
				CLANG_ENABLE_MODULES = YES;
				CLANG_ENABLE_OBJC_ARC = YES;
				CLANG_ENABLE_OBJC_WEAK = YES;
				CLANG_WARN_BLOCK_CAPTURE_AUTORELEASING = YES;
				CLANG_WARN_BOOL_CONVERSION = YES;
				CLANG_WARN_COMMA = YES;
				CLANG_WARN_CONSTANT_CONVERSION = YES;
				CLANG_WARN_DEPRECATED_OBJC_IMPLEMENTATIONS = YES;
				CLANG_WARN_DIRECT_OBJC_ISA_USAGE = YES_ERROR;
				CLANG_WARN_DOCUMENTATION_COMMENTS = YES;
				CLANG_WARN_EMPTY_BODY = YES;
				CLANG_WARN_ENUM_CONVERSION = YES;
				CLANG_WARN_INFINITE_RECURSION = YES;
				CLANG_WARN_INT_CONVERSION = YES;
				CLANG_WARN_NON_LITERAL_NULL_CONVERSION = YES;
				CLANG_WARN_OBJC_IMPLICIT_RETAIN_SELF = YES;
				CLANG_WARN_OBJC_LITERAL_CONVERSION = YES;
				CLANG_WARN_OBJC_ROOT_CLASS = YES_ERROR;
				CLANG_WARN_QUOTED_INCLUDE_IN_FRAMEWORK_HEADER = YES;
				CLANG_WARN_RANGE_LOOP_ANALYSIS = YES;
				CLANG_WARN_STRICT_PROTOTYPES = YES;
				CLANG_WARN_SUSPICIOUS_MOVE = YES;
				CLANG_WARN_UNGUARDED_AVAILABILITY = YES_AGGRESSIVE;
				CLANG_WARN_UNREACHABLE_CODE = YES;
				CLANG_WARN__DUPLICATE_METHOD_MATCH = YES;
				COPY_PHASE_STRIP = NO;
				DEBUG_INFORMATION_FORMAT = "dwarf-with-dsym";
				ENABLE_NS_ASSERTIONS = NO;
				ENABLE_STRICT_OBJC_MSGSEND = YES;
				GCC_C_LANGUAGE_STANDARD = gnu11;
				GCC_NO_COMMON_BLOCKS = YES;
				GCC_WARN_64_TO_32_BIT_CONVERSION = YES;
				GCC_WARN_ABOUT_RETURN_TYPE = YES_ERROR;
				GCC_WARN_UNDECLARED_SELECTOR = YES;
				GCC_WARN_UNINITIALIZED_AUTOS = YES_AGGRESSIVE;
				GCC_WARN_UNUSED_FUNCTION = YES;
				GCC_WARN_UNUSED_VARIABLE = YES;
				IPHONEOS_DEPLOYMENT_TARGET = 15.4;
				MTL_ENABLE_DEBUG_INFO = NO;
				MTL_FAST_MATH = YES;
				SDKROOT = iphoneos;
				SWIFT_COMPILATION_MODE = wholemodule;
				SWIFT_OPTIMIZATION_LEVEL = "-O";
				VALIDATE_PRODUCT = YES;
			};
			name = Release;
		};
		796B12E12827F8CF00D012B5 /* Debug */ = {
			isa = XCBuildConfiguration;
			buildSettings = {
				ASSETCATALOG_COMPILER_APPICON_NAME = AppIcon;
				ASSETCATALOG_COMPILER_GLOBAL_ACCENT_COLOR_NAME = AccentColor;
				CODE_SIGN_STYLE = Automatic;
				CURRENT_PROJECT_VERSION = 1;
				DEVELOPMENT_ASSET_PATHS = "\"Landmarks/Preview Content\"";
				ENABLE_PREVIEWS = YES;
				GENERATE_INFOPLIST_FILE = YES;
				INFOPLIST_KEY_UIApplicationSceneManifest_Generation = YES;
				INFOPLIST_KEY_UIApplicationSupportsIndirectInputEvents = YES;
				INFOPLIST_KEY_UILaunchScreen_Generation = YES;
				INFOPLIST_KEY_UISupportedInterfaceOrientations_iPad = "UIInterfaceOrientationPortrait UIInterfaceOrientationPortraitUpsideDown UIInterfaceOrientationLandscapeLeft UIInterfaceOrientationLandscapeRight";
				INFOPLIST_KEY_UISupportedInterfaceOrientations_iPhone = "UIInterfaceOrientationPortrait UIInterfaceOrientationLandscapeLeft UIInterfaceOrientationLandscapeRight";
				LD_RUNPATH_SEARCH_PATHS = (
					"$(inherited)",
					"@executable_path/Frameworks",
				);
				MARKETING_VERSION = 1.0;
				PRODUCT_BUNDLE_IDENTIFIER = gui.Landmarks;
				PRODUCT_NAME = "$(TARGET_NAME)";
				SWIFT_EMIT_LOC_STRINGS = YES;
				SWIFT_VERSION = 5.0;
				TARGETED_DEVICE_FAMILY = "1,2";
			};
			name = Debug;
		};
		796B12E22827F8CF00D012B5 /* Release */ = {
			isa = XCBuildConfiguration;
			buildSettings = {
				ASSETCATALOG_COMPILER_APPICON_NAME = AppIcon;
				ASSETCATALOG_COMPILER_GLOBAL_ACCENT_COLOR_NAME = AccentColor;
				CODE_SIGN_STYLE = Automatic;
				CURRENT_PROJECT_VERSION = 1;
				DEVELOPMENT_ASSET_PATHS = "\"Landmarks/Preview Content\"";
				ENABLE_PREVIEWS = YES;
				GENERATE_INFOPLIST_FILE = YES;
				INFOPLIST_KEY_UIApplicationSceneManifest_Generation = YES;
				INFOPLIST_KEY_UIApplicationSupportsIndirectInputEvents = YES;
				INFOPLIST_KEY_UILaunchScreen_Generation = YES;
				INFOPLIST_KEY_UISupportedInterfaceOrientations_iPad = "UIInterfaceOrientationPortrait UIInterfaceOrientationPortraitUpsideDown UIInterfaceOrientationLandscapeLeft UIInterfaceOrientationLandscapeRight";
				INFOPLIST_KEY_UISupportedInterfaceOrientations_iPhone = "UIInterfaceOrientationPortrait UIInterfaceOrientationLandscapeLeft UIInterfaceOrientationLandscapeRight";
				LD_RUNPATH_SEARCH_PATHS = (
					"$(inherited)",
					"@executable_path/Frameworks",
				);
				MARKETING_VERSION = 1.0;
				PRODUCT_BUNDLE_IDENTIFIER = gui.Landmarks;
				PRODUCT_NAME = "$(TARGET_NAME)";
				SWIFT_EMIT_LOC_STRINGS = YES;
				SWIFT_VERSION = 5.0;
				TARGETED_DEVICE_FAMILY = "1,2";
			};
			name = Release;
		};
		796B12E42827F8CF00D012B5 /* Debug */ = {
			isa = XCBuildConfiguration;
			buildSettings = {
				ALWAYS_EMBED_SWIFT_STANDARD_LIBRARIES = YES;
				BUNDLE_LOADER = "$(TEST_HOST)";
				CODE_SIGN_STYLE = Automatic;
				CURRENT_PROJECT_VERSION = 1;
				GENERATE_INFOPLIST_FILE = YES;
				IPHONEOS_DEPLOYMENT_TARGET = 15.4;
				MARKETING_VERSION = 1.0;
				PRODUCT_BUNDLE_IDENTIFIER = gui.LandmarksTests;
				PRODUCT_NAME = "$(TARGET_NAME)";
				SWIFT_EMIT_LOC_STRINGS = NO;
				SWIFT_VERSION = 5.0;
				TARGETED_DEVICE_FAMILY = "1,2";
				TEST_HOST = "$(BUILT_PRODUCTS_DIR)/Landmarks.app/Landmarks";
			};
			name = Debug;
		};
		796B12E52827F8CF00D012B5 /* Release */ = {
			isa = XCBuildConfiguration;
			buildSettings = {
				ALWAYS_EMBED_SWIFT_STANDARD_LIBRARIES = YES;
				BUNDLE_LOADER = "$(TEST_HOST)";
				CODE_SIGN_STYLE = Automatic;
				CURRENT_PROJECT_VERSION = 1;
				GENERATE_INFOPLIST_FILE = YES;
				IPHONEOS_DEPLOYMENT_TARGET = 15.4;
				MARKETING_VERSION = 1.0;
				PRODUCT_BUNDLE_IDENTIFIER = gui.LandmarksTests;
				PRODUCT_NAME = "$(TARGET_NAME)";
				SWIFT_EMIT_LOC_STRINGS = NO;
				SWIFT_VERSION = 5.0;
				TARGETED_DEVICE_FAMILY = "1,2";
				TEST_HOST = "$(BUILT_PRODUCTS_DIR)/Landmarks.app/Landmarks";
			};
			name = Release;
		};
		796B12E72827F8CF00D012B5 /* Debug */ = {
			isa = XCBuildConfiguration;
			buildSettings = {
				ALWAYS_EMBED_SWIFT_STANDARD_LIBRARIES = YES;
				CODE_SIGN_STYLE = Automatic;
				CURRENT_PROJECT_VERSION = 1;
				GENERATE_INFOPLIST_FILE = YES;
				MARKETING_VERSION = 1.0;
				PRODUCT_BUNDLE_IDENTIFIER = gui.LandmarksUITests;
				PRODUCT_NAME = "$(TARGET_NAME)";
				SWIFT_EMIT_LOC_STRINGS = NO;
				SWIFT_VERSION = 5.0;
				TARGETED_DEVICE_FAMILY = "1,2";
				TEST_TARGET_NAME = Landmarks;
			};
			name = Debug;
		};
		796B12E82827F8CF00D012B5 /* Release */ = {
			isa = XCBuildConfiguration;
			buildSettings = {
				ALWAYS_EMBED_SWIFT_STANDARD_LIBRARIES = YES;
				CODE_SIGN_STYLE = Automatic;
				CURRENT_PROJECT_VERSION = 1;
				GENERATE_INFOPLIST_FILE = YES;
				MARKETING_VERSION = 1.0;
				PRODUCT_BUNDLE_IDENTIFIER = gui.LandmarksUITests;
				PRODUCT_NAME = "$(TARGET_NAME)";
				SWIFT_EMIT_LOC_STRINGS = NO;
				SWIFT_VERSION = 5.0;
				TARGETED_DEVICE_FAMILY = "1,2";
				TEST_TARGET_NAME = Landmarks;
			};
			name = Release;
		};
/* End XCBuildConfiguration section */

/* Begin XCConfigurationList section */
		796B12B72827F8CE00D012B5 /* Build configuration list for PBXProject "Landmarks" */ = {
			isa = XCConfigurationList;
			buildConfigurations = (
				796B12DE2827F8CF00D012B5 /* Debug */,
				796B12DF2827F8CF00D012B5 /* Release */,
			);
			defaultConfigurationIsVisible = 0;
			defaultConfigurationName = Release;
		};
		796B12E02827F8CF00D012B5 /* Build configuration list for PBXNativeTarget "Landmarks" */ = {
			isa = XCConfigurationList;
			buildConfigurations = (
				796B12E12827F8CF00D012B5 /* Debug */,
				796B12E22827F8CF00D012B5 /* Release */,
			);
			defaultConfigurationIsVisible = 0;
			defaultConfigurationName = Release;
		};
		796B12E32827F8CF00D012B5 /* Build configuration list for PBXNativeTarget "LandmarksTests" */ = {
			isa = XCConfigurationList;
			buildConfigurations = (
				796B12E42827F8CF00D012B5 /* Debug */,
				796B12E52827F8CF00D012B5 /* Release */,
			);
			defaultConfigurationIsVisible = 0;
			defaultConfigurationName = Release;
		};
		796B12E62827F8CF00D012B5 /* Build configuration list for PBXNativeTarget "LandmarksUITests" */ = {
			isa = XCConfigurationList;
			buildConfigurations = (
				796B12E72827F8CF00D012B5 /* Debug */,
				796B12E82827F8CF00D012B5 /* Release */,
			);
			defaultConfigurationIsVisible = 0;
			defaultConfigurationName = Release;
		};
/* End XCConfigurationList section */
	};
	rootObject = 796B12B42827F8CE00D012B5 /* Project object */;
}
